Microsoft Visual Studio Solution File, Format Version 12.00
Project("{aaa68c42-f174-4492-a375-5c322231def8}") = "UsrBooking", "..\packages\UsrBooking\Files\UsrBooking.csproj", "{cc46d2f3-2061-43b6-a85e-82117e59a15a}"
EndProject
Global
	GlobalSection(SolutionConfigurationPlatforms) = preSolution
		Debug|Any CPU = Debug|Any CPU
		Release|Any CPU = Release|Any CPU
	EndGlobalSection
	GlobalSection(ProjectConfigurationPlatforms) = postSolution
			{cc46d2f3-2061-43b6-a85e-82117e59a15a}.Debug|Any CPU.ActiveCfg = Debug|Any CPU
			{cc46d2f3-2061-43b6-a85e-82117e59a15a}.Debug|Any CPU.Build.0 = Debug|Any CPU
			{cc46d2f3-2061-43b6-a85e-82117e59a15a}.Release|Any CPU.ActiveCfg = Release|Any CPU
			{cc46d2f3-2061-43b6-a85e-82117e59a15a}.Release|Any CPU.Build.0 = Release|Any CPU
	EndGlobalSection
EndGlobal
