Microsoft Visual Studio Solution File, Format Version 12.00
Project("{a2f49776-42bc-47ef-8f42-9cd543e599a4}") = "UsrBooking", "..\packages\UsrBooking\Files\UsrBooking.csproj", "{ae6ae2ab-a108-4b95-9ddc-f660e1f3240d}"
EndProject
Global
	GlobalSection(SolutionConfigurationPlatforms) = preSolution
		Debug|Any CPU = Debug|Any CPU
		Release|Any CPU = Release|Any CPU
	EndGlobalSection
	GlobalSection(ProjectConfigurationPlatforms) = postSolution
			{ae6ae2ab-a108-4b95-9ddc-f660e1f3240d}.Debug|Any CPU.ActiveCfg = Debug|Any CPU
			{ae6ae2ab-a108-4b95-9ddc-f660e1f3240d}.Debug|Any CPU.Build.0 = Debug|Any CPU
			{ae6ae2ab-a108-4b95-9ddc-f660e1f3240d}.Release|Any CPU.ActiveCfg = Release|Any CPU
			{ae6ae2ab-a108-4b95-9ddc-f660e1f3240d}.Release|Any CPU.Build.0 = Release|Any CPU
	EndGlobalSection
EndGlobal
